
Microsoft Visual Studio Solution File, Format Version 12.00
# Visual Studio 2015
Project("{FAE04EC0-301F-11D3-BF4B-00C04F79EFBC}") = "ComSciProject_Bobo_Jojo.CSharp.Plugins", "ComSciProject_Bobo_Jojo.CSharp.Plugins.csproj", "{DBD66411-30CA-8283-345D-3C7A08DB8756}"
EndProject
Project("{FAE04EC0-301F-11D3-BF4B-00C04F79EFBC}") = "ComSciProject_Bobo_Jojo.CSharp.Editor", "ComSciProject_Bobo_Jojo.CSharp.Editor.csproj", "{4FFD902D-FC9A-64FC-9829-A8375A4F3DCA}"
EndProject
Global
	GlobalSection(SolutionConfigurationPlatforms) = preSolution
		Debug|Any CPU = Debug|Any CPU
		Release|Any CPU = Release|Any CPU
	EndGlobalSection
	GlobalSection(ProjectConfigurationPlatforms) = postSolution
		{DBD66411-30CA-8283-345D-3C7A08DB8756}.Debug|Any CPU.ActiveCfg = Debug|Any CPU
		{DBD66411-30CA-8283-345D-3C7A08DB8756}.Debug|Any CPU.Build.0 = Debug|Any CPU
		{DBD66411-30CA-8283-345D-3C7A08DB8756}.Release|Any CPU.ActiveCfg = Release|Any CPU
		{DBD66411-30CA-8283-345D-3C7A08DB8756}.Release|Any CPU.Build.0 = Release|Any CPU
		{4FFD902D-FC9A-64FC-9829-A8375A4F3DCA}.Debug|Any CPU.ActiveCfg = Debug|Any CPU
		{4FFD902D-FC9A-64FC-9829-A8375A4F3DCA}.Debug|Any CPU.Build.0 = Debug|Any CPU
		{4FFD902D-FC9A-64FC-9829-A8375A4F3DCA}.Release|Any CPU.ActiveCfg = Release|Any CPU
		{4FFD902D-FC9A-64FC-9829-A8375A4F3DCA}.Release|Any CPU.Build.0 = Release|Any CPU
	EndGlobalSection
	GlobalSection(SolutionProperties) = preSolution
		HideSolutionNode = FALSE
	EndGlobalSection
EndGlobal
